// !$*UTF8*$!
{
	archiveVersion = 1;
	classes = {
	};
	objectVersion = 56;
	objects = {

/* Begin PBXBuildFile section */
		0BD72BD82C57E68D001918C3 /* AutopsyApp.swift in Sources */ = {isa = PBXBuildFile; fileRef = 0BD72BD72C57E68D001918C3 /* AutopsyApp.swift */; };
		0BD72BDC2C57E690001918C3 /* Assets.xcassets in Resources */ = {isa = PBXBuildFile; fileRef = 0BD72BDB2C57E690001918C3 /* Assets.xcassets */; };
		0BD72BDF2C57E690001918C3 /* Preview Assets.xcassets in Resources */ = {isa = PBXBuildFile; fileRef = 0BD72BDE2C57E690001918C3 /* Preview Assets.xcassets */; };
		0BD72BEA2C57F93A001918C3 /* Color.swift in Sources */ = {isa = PBXBuildFile; fileRef = 0BD72BE92C57F93A001918C3 /* Color.swift */; };
		0BD72BEC2C593C75001918C3 /* NewCaseView.swift in Sources */ = {isa = PBXBuildFile; fileRef = 0BD72BEB2C593C75001918C3 /* NewCaseView.swift */; };
		0BD72BF02C593ECB001918C3 /* MainView.swift in Sources */ = {isa = PBXBuildFile; fileRef = 0BD72BEF2C593ECB001918C3 /* MainView.swift */; };
		0BD72BF32C59428A001918C3 /* CustomFont.swift in Sources */ = {isa = PBXBuildFile; fileRef = 0BD72BF22C59428A001918C3 /* CustomFont.swift */; };
		0BD72BF52C5942A2001918C3 /* UIScreen.swift in Sources */ = {isa = PBXBuildFile; fileRef = 0BD72BF42C5942A2001918C3 /* UIScreen.swift */; };
		0BD72C0B2C594BA7001918C3 /* GraphikThin.otf in Resources */ = {isa = PBXBuildFile; fileRef = 0BD72BF92C594532001918C3 /* GraphikThin.otf */; };
		0BD72C0C2C594BA7001918C3 /* GraphikMedium.otf in Resources */ = {isa = PBXBuildFile; fileRef = 0BD72BFC2C594533001918C3 /* GraphikMedium.otf */; };
		0BD72C0D2C594BA7001918C3 /* GraphikLight.otf in Resources */ = {isa = PBXBuildFile; fileRef = 0BD72BFB2C594532001918C3 /* GraphikLight.otf */; };
		0BD72C0E2C594BA7001918C3 /* GraphikBlack.otf in Resources */ = {isa = PBXBuildFile; fileRef = 0BD72BFA2C594532001918C3 /* GraphikBlack.otf */; };
		0BD72C0F2C594BA7001918C3 /* GraphikRegular.otf in Resources */ = {isa = PBXBuildFile; fileRef = 0BD72BF82C594532001918C3 /* GraphikRegular.otf */; };
		0BD72C102C594BA7001918C3 /* GraphikBold.otf in Resources */ = {isa = PBXBuildFile; fileRef = 0BD72BF72C594532001918C3 /* GraphikBold.otf */; };
		0BD72C112C594BA7001918C3 /* GraphikSemibold.otf in Resources */ = {isa = PBXBuildFile; fileRef = 0BD72BFD2C594533001918C3 /* GraphikSemibold.otf */; };
		0BD72C162C5D2C42001918C3 /* FilledIconButtonView.swift in Sources */ = {isa = PBXBuildFile; fileRef = 0BD72C152C5D2C42001918C3 /* FilledIconButtonView.swift */; };
		0BD72C192C5D2C74001918C3 /* BackgroundView.swift in Sources */ = {isa = PBXBuildFile; fileRef = 0BD72C182C5D2C74001918C3 /* BackgroundView.swift */; };
		0BD72C1B2C5D2CAB001918C3 /* RoundedTextFieldStyle.swift in Sources */ = {isa = PBXBuildFile; fileRef = 0BD72C1A2C5D2CAB001918C3 /* RoundedTextFieldStyle.swift */; };
/* End PBXBuildFile section */

/* Begin PBXFileReference section */
		0BD72BD42C57E68D001918C3 /* Autopsy.app */ = {isa = PBXFileReference; explicitFileType = wrapper.application; includeInIndex = 0; path = Autopsy.app; sourceTree = BUILT_PRODUCTS_DIR; };
		0BD72BD72C57E68D001918C3 /* AutopsyApp.swift */ = {isa = PBXFileReference; lastKnownFileType = sourcecode.swift; path = AutopsyApp.swift; sourceTree = "<group>"; };
		0BD72BDB2C57E690001918C3 /* Assets.xcassets */ = {isa = PBXFileReference; lastKnownFileType = folder.assetcatalog; path = Assets.xcassets; sourceTree = "<group>"; };
		0BD72BDE2C57E690001918C3 /* Preview Assets.xcassets */ = {isa = PBXFileReference; lastKnownFileType = folder.assetcatalog; path = "Preview Assets.xcassets"; sourceTree = "<group>"; };
		0BD72BE92C57F93A001918C3 /* Color.swift */ = {isa = PBXFileReference; lastKnownFileType = sourcecode.swift; path = Color.swift; sourceTree = "<group>"; };
		0BD72BEB2C593C75001918C3 /* NewCaseView.swift */ = {isa = PBXFileReference; lastKnownFileType = sourcecode.swift; path = NewCaseView.swift; sourceTree = "<group>"; };
		0BD72BEF2C593ECB001918C3 /* MainView.swift */ = {isa = PBXFileReference; lastKnownFileType = sourcecode.swift; path = MainView.swift; sourceTree = "<group>"; };
		0BD72BF22C59428A001918C3 /* CustomFont.swift */ = {isa = PBXFileReference; lastKnownFileType = sourcecode.swift; path = CustomFont.swift; sourceTree = "<group>"; };
		0BD72BF42C5942A2001918C3 /* UIScreen.swift */ = {isa = PBXFileReference; lastKnownFileType = sourcecode.swift; path = UIScreen.swift; sourceTree = "<group>"; };
		0BD72BF72C594532001918C3 /* GraphikBold.otf */ = {isa = PBXFileReference; lastKnownFileType = file; path = GraphikBold.otf; sourceTree = "<group>"; };
		0BD72BF82C594532001918C3 /* GraphikRegular.otf */ = {isa = PBXFileReference; lastKnownFileType = file; path = GraphikRegular.otf; sourceTree = "<group>"; };
		0BD72BF92C594532001918C3 /* GraphikThin.otf */ = {isa = PBXFileReference; lastKnownFileType = file; path = GraphikThin.otf; sourceTree = "<group>"; };
		0BD72BFA2C594532001918C3 /* GraphikBlack.otf */ = {isa = PBXFileReference; lastKnownFileType = file; path = GraphikBlack.otf; sourceTree = "<group>"; };
		0BD72BFB2C594532001918C3 /* GraphikLight.otf */ = {isa = PBXFileReference; lastKnownFileType = file; path = GraphikLight.otf; sourceTree = "<group>"; };
		0BD72BFC2C594533001918C3 /* GraphikMedium.otf */ = {isa = PBXFileReference; lastKnownFileType = file; path = GraphikMedium.otf; sourceTree = "<group>"; };
		0BD72BFD2C594533001918C3 /* GraphikSemibold.otf */ = {isa = PBXFileReference; lastKnownFileType = file; path = GraphikSemibold.otf; sourceTree = "<group>"; };
		0BD72C052C59464F001918C3 /* Info.plist */ = {isa = PBXFileReference; lastKnownFileType = text.plist; path = Info.plist; sourceTree = "<group>"; };
		0BD72C152C5D2C42001918C3 /* FilledIconButtonView.swift */ = {isa = PBXFileReference; lastKnownFileType = sourcecode.swift; path = FilledIconButtonView.swift; sourceTree = "<group>"; };
		0BD72C182C5D2C74001918C3 /* BackgroundView.swift */ = {isa = PBXFileReference; lastKnownFileType = sourcecode.swift; path = BackgroundView.swift; sourceTree = "<group>"; };
		0BD72C1A2C5D2CAB001918C3 /* RoundedTextFieldStyle.swift */ = {isa = PBXFileReference; lastKnownFileType = sourcecode.swift; path = RoundedTextFieldStyle.swift; sourceTree = "<group>"; };
/* End PBXFileReference section */

/* Begin PBXFrameworksBuildPhase section */
		0BD72BD12C57E68D001918C3 /* Frameworks */ = {
			isa = PBXFrameworksBuildPhase;
			buildActionMask = 2147483647;
			files = (
			);
			runOnlyForDeploymentPostprocessing = 0;
		};
/* End PBXFrameworksBuildPhase section */

/* Begin PBXGroup section */
		0BD72BCB2C57E68D001918C3 = {
			isa = PBXGroup;
			children = (
				0BD72BD62C57E68D001918C3 /* Autopsy */,
				0BD72BD52C57E68D001918C3 /* Products */,
			);
			sourceTree = "<group>";
		};
		0BD72BD52C57E68D001918C3 /* Products */ = {
			isa = PBXGroup;
			children = (
				0BD72BD42C57E68D001918C3 /* Autopsy.app */,
			);
			name = Products;
			sourceTree = "<group>";
		};
		0BD72BD62C57E68D001918C3 /* Autopsy */ = {
			isa = PBXGroup;
			children = (
				0BD72C052C59464F001918C3 /* Info.plist */,
				0BD72BD72C57E68D001918C3 /* AutopsyApp.swift */,
				0BD72BEE2C593CD9001918C3 /* Models */,
				0BD72BED2C593CD3001918C3 /* Views */,
				0BD72C132C5D2B37001918C3 /* ViewModifiers */,
				0BD72BF12C594279001918C3 /* Enums */,
				0BD72BE52C57F286001918C3 /* Commons */,
				0BD72C142C5D2B48001918C3 /* Resources */,
				0BD72BDD2C57E690001918C3 /* Preview Content */,
			);
			path = Autopsy;
			sourceTree = "<group>";
		};
		0BD72BDD2C57E690001918C3 /* Preview Content */ = {
			isa = PBXGroup;
			children = (
				0BD72BDE2C57E690001918C3 /* Preview Assets.xcassets */,
			);
			path = "Preview Content";
			sourceTree = "<group>";
		};
		0BD72BE52C57F286001918C3 /* Commons */ = {
			isa = PBXGroup;
			children = (
				0BD72BE82C57F913001918C3 /* Extensions */,
			);
			path = Commons;
			sourceTree = "<group>";
		};
		0BD72BE82C57F913001918C3 /* Extensions */ = {
			isa = PBXGroup;
			children = (
				0BD72BE92C57F93A001918C3 /* Color.swift */,
				0BD72BF42C5942A2001918C3 /* UIScreen.swift */,
			);
			path = Extensions;
			sourceTree = "<group>";
		};
		0BD72BED2C593CD3001918C3 /* Views */ = {
			isa = PBXGroup;
			children = (
				0BD72BEF2C593ECB001918C3 /* MainView.swift */,
				0BD72BEB2C593C75001918C3 /* NewCaseView.swift */,
			);
			path = Views;
			sourceTree = "<group>";
		};
		0BD72BEE2C593CD9001918C3 /* Models */ = {
			isa = PBXGroup;
			children = (
			);
			path = Models;
			sourceTree = "<group>";
		};
		0BD72BF12C594279001918C3 /* Enums */ = {
			isa = PBXGroup;
			children = (
				0BD72BF22C59428A001918C3 /* CustomFont.swift */,
			);
			path = Enums;
			sourceTree = "<group>";
		};
		0BD72BF62C5942FF001918C3 /* Fonts */ = {
			isa = PBXGroup;
			children = (
				0BD72BFA2C594532001918C3 /* GraphikBlack.otf */,
				0BD72BF72C594532001918C3 /* GraphikBold.otf */,
				0BD72BFD2C594533001918C3 /* GraphikSemibold.otf */,
				0BD72BFC2C594533001918C3 /* GraphikMedium.otf */,
				0BD72BF82C594532001918C3 /* GraphikRegular.otf */,
				0BD72BFB2C594532001918C3 /* GraphikLight.otf */,
				0BD72BF92C594532001918C3 /* GraphikThin.otf */,
			);
			path = Fonts;
			sourceTree = "<group>";
		};
		0BD72C132C5D2B37001918C3 /* ViewModifiers */ = {
			isa = PBXGroup;
			children = (
				0BD72C152C5D2C42001918C3 /* FilledIconButtonView.swift */,
				0BD72C182C5D2C74001918C3 /* BackgroundView.swift */,
				0BD72C1A2C5D2CAB001918C3 /* RoundedTextFieldStyle.swift */,
			);
			path = ViewModifiers;
			sourceTree = "<group>";
		};
		0BD72C142C5D2B48001918C3 /* Resources */ = {
			isa = PBXGroup;
			children = (
				0BD72BDB2C57E690001918C3 /* Assets.xcassets */,
				0BD72BF62C5942FF001918C3 /* Fonts */,
			);
			path = Resources;
			sourceTree = "<group>";
		};
/* End PBXGroup section */

/* Begin PBXNativeTarget section */
		0BD72BD32C57E68D001918C3 /* Autopsy */ = {
			isa = PBXNativeTarget;
			buildConfigurationList = 0BD72BE22C57E690001918C3 /* Build configuration list for PBXNativeTarget "Autopsy" */;
			buildPhases = (
				0BD72BD02C57E68D001918C3 /* Sources */,
				0BD72BD12C57E68D001918C3 /* Frameworks */,
				0BD72BD22C57E68D001918C3 /* Resources */,
			);
			buildRules = (
			);
			dependencies = (
			);
			name = Autopsy;
			productName = Autopsy;
			productReference = 0BD72BD42C57E68D001918C3 /* Autopsy.app */;
			productType = "com.apple.product-type.application";
		};
/* End PBXNativeTarget section */

/* Begin PBXProject section */
		0BD72BCC2C57E68D001918C3 /* Project object */ = {
			isa = PBXProject;
			attributes = {
				BuildIndependentTargetsInParallel = 1;
				LastSwiftUpdateCheck = 1520;
				LastUpgradeCheck = 1520;
				TargetAttributes = {
					0BD72BD32C57E68D001918C3 = {
						CreatedOnToolsVersion = 15.2;
					};
				};
			};
			buildConfigurationList = 0BD72BCF2C57E68D001918C3 /* Build configuration list for PBXProject "Autopsy" */;
			compatibilityVersion = "Xcode 14.0";
			developmentRegion = en;
			hasScannedForEncodings = 0;
			knownRegions = (
				en,
				Base,
			);
			mainGroup = 0BD72BCB2C57E68D001918C3;
			productRefGroup = 0BD72BD52C57E68D001918C3 /* Products */;
			projectDirPath = "";
			projectRoot = "";
			targets = (
				0BD72BD32C57E68D001918C3 /* Autopsy */,
			);
		};
/* End PBXProject section */

/* Begin PBXResourcesBuildPhase section */
		0BD72BD22C57E68D001918C3 /* Resources */ = {
			isa = PBXResourcesBuildPhase;
			buildActionMask = 2147483647;
			files = (
				0BD72C0E2C594BA7001918C3 /* GraphikBlack.otf in Resources */,
				0BD72C0D2C594BA7001918C3 /* GraphikLight.otf in Resources */,
				0BD72BDF2C57E690001918C3 /* Preview Assets.xcassets in Resources */,
				0BD72C0B2C594BA7001918C3 /* GraphikThin.otf in Resources */,
				0BD72C112C594BA7001918C3 /* GraphikSemibold.otf in Resources */,
				0BD72BDC2C57E690001918C3 /* Assets.xcassets in Resources */,
				0BD72C102C594BA7001918C3 /* GraphikBold.otf in Resources */,
				0BD72C0F2C594BA7001918C3 /* GraphikRegular.otf in Resources */,
				0BD72C0C2C594BA7001918C3 /* GraphikMedium.otf in Resources */,
			);
			runOnlyForDeploymentPostprocessing = 0;
		};
/* End PBXResourcesBuildPhase section */

/* Begin PBXSourcesBuildPhase section */
		0BD72BD02C57E68D001918C3 /* Sources */ = {
			isa = PBXSourcesBuildPhase;
			buildActionMask = 2147483647;
			files = (
				0BD72BEC2C593C75001918C3 /* NewCaseView.swift in Sources */,
				0BD72BF52C5942A2001918C3 /* UIScreen.swift in Sources */,
				0BD72C1B2C5D2CAB001918C3 /* RoundedTextFieldStyle.swift in Sources */,
				0BD72C192C5D2C74001918C3 /* BackgroundView.swift in Sources */,
				0BD72BEA2C57F93A001918C3 /* Color.swift in Sources */,
				0BD72BF32C59428A001918C3 /* CustomFont.swift in Sources */,
				0BD72C162C5D2C42001918C3 /* FilledIconButtonView.swift in Sources */,
				0BD72BF02C593ECB001918C3 /* MainView.swift in Sources */,
				0BD72BD82C57E68D001918C3 /* AutopsyApp.swift in Sources */,
			);
			runOnlyForDeploymentPostprocessing = 0;
		};
/* End PBXSourcesBuildPhase section */

/* Begin XCBuildConfiguration section */
		0BD72BE02C57E690001918C3 /* Debug */ = {
			isa = XCBuildConfiguration;
			buildSettings = {
				ALWAYS_SEARCH_USER_PATHS = NO;
				ASSETCATALOG_COMPILER_GENERATE_SWIFT_ASSET_SYMBOL_EXTENSIONS = YES;
				CLANG_ANALYZER_NONNULL = YES;
				CLANG_ANALYZER_NUMBER_OBJECT_CONVERSION = YES_AGGRESSIVE;
				CLANG_CXX_LANGUAGE_STANDARD = "gnu++20";
				CLANG_ENABLE_MODULES = YES;
				CLANG_ENABLE_OBJC_ARC = YES;
				CLANG_ENABLE_OBJC_WEAK = YES;
				CLANG_WARN_BLOCK_CAPTURE_AUTORELEASING = YES;
				CLANG_WARN_BOOL_CONVERSION = YES;
				CLANG_WARN_COMMA = YES;
				CLANG_WARN_CONSTANT_CONVERSION = YES;
				CLANG_WARN_DEPRECATED_OBJC_IMPLEMENTATIONS = YES;
				CLANG_WARN_DIRECT_OBJC_ISA_USAGE = YES_ERROR;
				CLANG_WARN_DOCUMENTATION_COMMENTS = YES;
				CLANG_WARN_EMPTY_BODY = YES;
				CLANG_WARN_ENUM_CONVERSION = YES;
				CLANG_WARN_INFINITE_RECURSION = YES;
				CLANG_WARN_INT_CONVERSION = YES;
				CLANG_WARN_NON_LITERAL_NULL_CONVERSION = YES;
				CLANG_WARN_OBJC_IMPLICIT_RETAIN_SELF = YES;
				CLANG_WARN_OBJC_LITERAL_CONVERSION = YES;
				CLANG_WARN_OBJC_ROOT_CLASS = YES_ERROR;
				CLANG_WARN_QUOTED_INCLUDE_IN_FRAMEWORK_HEADER = YES;
				CLANG_WARN_RANGE_LOOP_ANALYSIS = YES;
				CLANG_WARN_STRICT_PROTOTYPES = YES;
				CLANG_WARN_SUSPICIOUS_MOVE = YES;
				CLANG_WARN_UNGUARDED_AVAILABILITY = YES_AGGRESSIVE;
				CLANG_WARN_UNREACHABLE_CODE = YES;
				CLANG_WARN__DUPLICATE_METHOD_MATCH = YES;
				COPY_PHASE_STRIP = NO;
				DEBUG_INFORMATION_FORMAT = dwarf;
				ENABLE_STRICT_OBJC_MSGSEND = YES;
				ENABLE_TESTABILITY = YES;
				ENABLE_USER_SCRIPT_SANDBOXING = YES;
				GCC_C_LANGUAGE_STANDARD = gnu17;
				GCC_DYNAMIC_NO_PIC = NO;
				GCC_NO_COMMON_BLOCKS = YES;
				GCC_OPTIMIZATION_LEVEL = 0;
				GCC_PREPROCESSOR_DEFINITIONS = (
					"DEBUG=1",
					"$(inherited)",
				);
				GCC_WARN_64_TO_32_BIT_CONVERSION = YES;
				GCC_WARN_ABOUT_RETURN_TYPE = YES_ERROR;
				GCC_WARN_UNDECLARED_SELECTOR = YES;
				GCC_WARN_UNINITIALIZED_AUTOS = YES_AGGRESSIVE;
				GCC_WARN_UNUSED_FUNCTION = YES;
				GCC_WARN_UNUSED_VARIABLE = YES;
				IPHONEOS_DEPLOYMENT_TARGET = 16.0;
				LOCALIZATION_PREFERS_STRING_CATALOGS = YES;
				MTL_ENABLE_DEBUG_INFO = INCLUDE_SOURCE;
				MTL_FAST_MATH = YES;
				ONLY_ACTIVE_ARCH = YES;
				SDKROOT = iphoneos;
				SWIFT_ACTIVE_COMPILATION_CONDITIONS = "DEBUG $(inherited)";
				SWIFT_OPTIMIZATION_LEVEL = "-Onone";
			};
			name = Debug;
		};
		0BD72BE12C57E690001918C3 /* Release */ = {
			isa = XCBuildConfiguration;
			buildSettings = {
				ALWAYS_SEARCH_USER_PATHS = NO;
				ASSETCATALOG_COMPILER_GENERATE_SWIFT_ASSET_SYMBOL_EXTENSIONS = YES;
				CLANG_ANALYZER_NONNULL = YES;
				CLANG_ANALYZER_NUMBER_OBJECT_CONVERSION = YES_AGGRESSIVE;
				CLANG_CXX_LANGUAGE_STANDARD = "gnu++20";
				CLANG_ENABLE_MODULES = YES;
				CLANG_ENABLE_OBJC_ARC = YES;
				CLANG_ENABLE_OBJC_WEAK = YES;
				CLANG_WARN_BLOCK_CAPTURE_AUTORELEASING = YES;
				CLANG_WARN_BOOL_CONVERSION = YES;
				CLANG_WARN_COMMA = YES;
				CLANG_WARN_CONSTANT_CONVERSION = YES;
				CLANG_WARN_DEPRECATED_OBJC_IMPLEMENTATIONS = YES;
				CLANG_WARN_DIRECT_OBJC_ISA_USAGE = YES_ERROR;
				CLANG_WARN_DOCUMENTATION_COMMENTS = YES;
				CLANG_WARN_EMPTY_BODY = YES;
				CLANG_WARN_ENUM_CONVERSION = YES;
				CLANG_WARN_INFINITE_RECURSION = YES;
				CLANG_WARN_INT_CONVERSION = YES;
				CLANG_WARN_NON_LITERAL_NULL_CONVERSION = YES;
				CLANG_WARN_OBJC_IMPLICIT_RETAIN_SELF = YES;
				CLANG_WARN_OBJC_LITERAL_CONVERSION = YES;
				CLANG_WARN_OBJC_ROOT_CLASS = YES_ERROR;
				CLANG_WARN_QUOTED_INCLUDE_IN_FRAMEWORK_HEADER = YES;
				CLANG_WARN_RANGE_LOOP_ANALYSIS = YES;
				CLANG_WARN_STRICT_PROTOTYPES = YES;
				CLANG_WARN_SUSPICIOUS_MOVE = YES;
				CLANG_WARN_UNGUARDED_AVAILABILITY = YES_AGGRESSIVE;
				CLANG_WARN_UNREACHABLE_CODE = YES;
				CLANG_WARN__DUPLICATE_METHOD_MATCH = YES;
				COPY_PHASE_STRIP = NO;
				DEBUG_INFORMATION_FORMAT = "dwarf-with-dsym";
				ENABLE_NS_ASSERTIONS = NO;
				ENABLE_STRICT_OBJC_MSGSEND = YES;
				ENABLE_USER_SCRIPT_SANDBOXING = YES;
				GCC_C_LANGUAGE_STANDARD = gnu17;
				GCC_NO_COMMON_BLOCKS = YES;
				GCC_WARN_64_TO_32_BIT_CONVERSION = YES;
				GCC_WARN_ABOUT_RETURN_TYPE = YES_ERROR;
				GCC_WARN_UNDECLARED_SELECTOR = YES;
				GCC_WARN_UNINITIALIZED_AUTOS = YES_AGGRESSIVE;
				GCC_WARN_UNUSED_FUNCTION = YES;
				GCC_WARN_UNUSED_VARIABLE = YES;
				IPHONEOS_DEPLOYMENT_TARGET = 16.0;
				LOCALIZATION_PREFERS_STRING_CATALOGS = YES;
				MTL_ENABLE_DEBUG_INFO = NO;
				MTL_FAST_MATH = YES;
				SDKROOT = iphoneos;
				SWIFT_COMPILATION_MODE = wholemodule;
				VALIDATE_PRODUCT = YES;
			};
			name = Release;
		};
		0BD72BE32C57E690001918C3 /* Debug */ = {
			isa = XCBuildConfiguration;
			buildSettings = {
				ASSETCATALOG_COMPILER_APPICON_NAME = AppIcon;
				ASSETCATALOG_COMPILER_GENERATE_ASSET_SYMBOLS = YES;
				ASSETCATALOG_COMPILER_GENERATE_SWIFT_ASSET_SYMBOL_EXTENSIONS = YES;
				ASSETCATALOG_COMPILER_GLOBAL_ACCENT_COLOR_NAME = AccentColor;
				CODE_SIGN_STYLE = Automatic;
				CURRENT_PROJECT_VERSION = 1;
				DEVELOPMENT_ASSET_PATHS = "\"Autopsy/Preview Content\"";
				DEVELOPMENT_TEAM = C7TZHYALRJ;
				ENABLE_PREVIEWS = YES;
				GENERATE_INFOPLIST_FILE = YES;
				INFOPLIST_FILE = Autopsy/Info.plist;
				INFOPLIST_KEY_UIApplicationSceneManifest_Generation = YES;
				INFOPLIST_KEY_UIApplicationSupportsIndirectInputEvents = YES;
				INFOPLIST_KEY_UILaunchScreen_Generation = YES;
				INFOPLIST_KEY_UISupportedInterfaceOrientations_iPad = "UIInterfaceOrientationPortrait UIInterfaceOrientationPortraitUpsideDown UIInterfaceOrientationLandscapeLeft UIInterfaceOrientationLandscapeRight";
				INFOPLIST_KEY_UISupportedInterfaceOrientations_iPhone = "UIInterfaceOrientationPortrait UIInterfaceOrientationLandscapeLeft UIInterfaceOrientationLandscapeRight";
				LD_RUNPATH_SEARCH_PATHS = (
					"$(inherited)",
					"@executable_path/Frameworks",
				);
				MARKETING_VERSION = 1.0;
				PRODUCT_BUNDLE_IDENTIFIER = com.uma.mk.Autopsy;
				PRODUCT_NAME = "$(TARGET_NAME)";
				SWIFT_EMIT_LOC_STRINGS = YES;
				SWIFT_VERSION = 5.0;
				TARGETED_DEVICE_FAMILY = "1,2";
			};
			name = Debug;
		};
		0BD72BE42C57E690001918C3 /* Release */ = {
			isa = XCBuildConfiguration;
			buildSettings = {
				ASSETCATALOG_COMPILER_APPICON_NAME = AppIcon;
				ASSETCATALOG_COMPILER_GENERATE_ASSET_SYMBOLS = YES;
				ASSETCATALOG_COMPILER_GENERATE_SWIFT_ASSET_SYMBOL_EXTENSIONS = YES;
				ASSETCATALOG_COMPILER_GLOBAL_ACCENT_COLOR_NAME = AccentColor;
				CODE_SIGN_STYLE = Automatic;
				CURRENT_PROJECT_VERSION = 1;
				DEVELOPMENT_ASSET_PATHS = "\"Autopsy/Preview Content\"";
				DEVELOPMENT_TEAM = C7TZHYALRJ;
				ENABLE_PREVIEWS = YES;
				GENERATE_INFOPLIST_FILE = YES;
				INFOPLIST_FILE = Autopsy/Info.plist;
				INFOPLIST_KEY_UIApplicationSceneManifest_Generation = YES;
				INFOPLIST_KEY_UIApplicationSupportsIndirectInputEvents = YES;
				INFOPLIST_KEY_UILaunchScreen_Generation = YES;
				INFOPLIST_KEY_UISupportedInterfaceOrientations_iPad = "UIInterfaceOrientationPortrait UIInterfaceOrientationPortraitUpsideDown UIInterfaceOrientationLandscapeLeft UIInterfaceOrientationLandscapeRight";
				INFOPLIST_KEY_UISupportedInterfaceOrientations_iPhone = "UIInterfaceOrientationPortrait UIInterfaceOrientationLandscapeLeft UIInterfaceOrientationLandscapeRight";
				LD_RUNPATH_SEARCH_PATHS = (
					"$(inherited)",
					"@executable_path/Frameworks",
				);
				MARKETING_VERSION = 1.0;
				PRODUCT_BUNDLE_IDENTIFIER = com.uma.mk.Autopsy;
				PRODUCT_NAME = "$(TARGET_NAME)";
				SWIFT_EMIT_LOC_STRINGS = YES;
				SWIFT_VERSION = 5.0;
				TARGETED_DEVICE_FAMILY = "1,2";
			};
			name = Release;
		};
/* End XCBuildConfiguration section */

/* Begin XCConfigurationList section */
		0BD72BCF2C57E68D001918C3 /* Build configuration list for PBXProject "Autopsy" */ = {
			isa = XCConfigurationList;
			buildConfigurations = (
				0BD72BE02C57E690001918C3 /* Debug */,
				0BD72BE12C57E690001918C3 /* Release */,
			);
			defaultConfigurationIsVisible = 0;
			defaultConfigurationName = Release;
		};
		0BD72BE22C57E690001918C3 /* Build configuration list for PBXNativeTarget "Autopsy" */ = {
			isa = XCConfigurationList;
			buildConfigurations = (
				0BD72BE32C57E690001918C3 /* Debug */,
				0BD72BE42C57E690001918C3 /* Release */,
			);
			defaultConfigurationIsVisible = 0;
			defaultConfigurationName = Release;
		};
/* End XCConfigurationList section */
	};
	rootObject = 0BD72BCC2C57E68D001918C3 /* Project object */;
}
