// !$*UTF8*$!
{
	archiveVersion = 1;
	classes = {
	};
	objectVersion = 56;
	objects = {

/* Begin PBXBuildFile section */
		0BA3C5882C66C29E00A921AD /* AutopsyAppAppDelegate.swift in Sources */ = {isa = PBXBuildFile; fileRef = 0BA3C5872C66C29E00A921AD /* AutopsyAppAppDelegate.swift */; };
		0BA3C58B2C66C40500A921AD /* MainVM.swift in Sources */ = {isa = PBXBuildFile; fileRef = 0BA3C58A2C66C40500A921AD /* MainVM.swift */; };
		0BA3C58E2C66C51900A921AD /* MainVMKey.swift in Sources */ = {isa = PBXBuildFile; fileRef = 0BA3C58D2C66C51900A921AD /* MainVMKey.swift */; };
		0BA3C5922C66CA1F00A921AD /* Router.swift in Sources */ = {isa = PBXBuildFile; fileRef = 0BA3C5912C66CA1F00A921AD /* Router.swift */; };
		0BA3C5952C66DC6100A921AD /* CaseHomeScreen.swift in Sources */ = {isa = PBXBuildFile; fileRef = 0BA3C5942C66DC6100A921AD /* CaseHomeScreen.swift */; };
		0BD72BD82C57E68D001918C3 /* AutopsyApp.swift in Sources */ = {isa = PBXBuildFile; fileRef = 0BD72BD72C57E68D001918C3 /* AutopsyApp.swift */; };
		0BD72BDC2C57E690001918C3 /* Assets.xcassets in Resources */ = {isa = PBXBuildFile; fileRef = 0BD72BDB2C57E690001918C3 /* Assets.xcassets */; };
		0BD72BEA2C57F93A001918C3 /* Color.swift in Sources */ = {isa = PBXBuildFile; fileRef = 0BD72BE92C57F93A001918C3 /* Color.swift */; };
		0BD72BEC2C593C75001918C3 /* NewCaseView.swift in Sources */ = {isa = PBXBuildFile; fileRef = 0BD72BEB2C593C75001918C3 /* NewCaseView.swift */; };
		0BD72BF02C593ECB001918C3 /* MainScreen.swift in Sources */ = {isa = PBXBuildFile; fileRef = 0BD72BEF2C593ECB001918C3 /* MainScreen.swift */; };
		0BD72BF32C59428A001918C3 /* CustomFont.swift in Sources */ = {isa = PBXBuildFile; fileRef = 0BD72BF22C59428A001918C3 /* CustomFont.swift */; };
		0BD72BF52C5942A2001918C3 /* UIScreen.swift in Sources */ = {isa = PBXBuildFile; fileRef = 0BD72BF42C5942A2001918C3 /* UIScreen.swift */; };
		0BD72C0B2C594BA7001918C3 /* GraphikThin.otf in Resources */ = {isa = PBXBuildFile; fileRef = 0BD72BF92C594532001918C3 /* GraphikThin.otf */; };
		0BD72C0C2C594BA7001918C3 /* GraphikMedium.otf in Resources */ = {isa = PBXBuildFile; fileRef = 0BD72BFC2C594533001918C3 /* GraphikMedium.otf */; };
		0BD72C0D2C594BA7001918C3 /* GraphikLight.otf in Resources */ = {isa = PBXBuildFile; fileRef = 0BD72BFB2C594532001918C3 /* GraphikLight.otf */; };
		0BD72C0E2C594BA7001918C3 /* GraphikBlack.otf in Resources */ = {isa = PBXBuildFile; fileRef = 0BD72BFA2C594532001918C3 /* GraphikBlack.otf */; };
		0BD72C0F2C594BA7001918C3 /* GraphikRegular.otf in Resources */ = {isa = PBXBuildFile; fileRef = 0BD72BF82C594532001918C3 /* GraphikRegular.otf */; };
		0BD72C102C594BA7001918C3 /* GraphikBold.otf in Resources */ = {isa = PBXBuildFile; fileRef = 0BD72BF72C594532001918C3 /* GraphikBold.otf */; };
		0BD72C112C594BA7001918C3 /* GraphikSemibold.otf in Resources */ = {isa = PBXBuildFile; fileRef = 0BD72BFD2C594533001918C3 /* GraphikSemibold.otf */; };
		0BD72C162C5D2C42001918C3 /* AutopsyButtonStyle.swift in Sources */ = {isa = PBXBuildFile; fileRef = 0BD72C152C5D2C42001918C3 /* AutopsyButtonStyle.swift */; };
		0BD72C192C5D2C74001918C3 /* backgroundView.swift in Sources */ = {isa = PBXBuildFile; fileRef = 0BD72C182C5D2C74001918C3 /* backgroundView.swift */; };
		0BD72C1B2C5D2CAB001918C3 /* RoundedTextFieldStyle.swift in Sources */ = {isa = PBXBuildFile; fileRef = 0BD72C1A2C5D2CAB001918C3 /* RoundedTextFieldStyle.swift */; };
		0BD72C1D2C5D3174001918C3 /* Case.swift in Sources */ = {isa = PBXBuildFile; fileRef = 0BD72C1C2C5D3174001918C3 /* Case.swift */; };
		1815774D2C60C492007E0997 /* BorderedBtnLabelView.swift in Sources */ = {isa = PBXBuildFile; fileRef = 1815774C2C60C492007E0997 /* BorderedBtnLabelView.swift */; };
		1815774F2C60CD02007E0997 /* AddDataSourceTypeView.swift in Sources */ = {isa = PBXBuildFile; fileRef = 1815774E2C60CD02007E0997 /* AddDataSourceTypeView.swift */; };
		181577512C60D170007E0997 /* SelectDataSourceView.swift in Sources */ = {isa = PBXBuildFile; fileRef = 181577502C60D170007E0997 /* SelectDataSourceView.swift */; };
		181577532C621323007E0997 /* TitleWithIconView.swift in Sources */ = {isa = PBXBuildFile; fileRef = 181577522C621323007E0997 /* TitleWithIconView.swift */; };
		181577562C624B15007E0997 /* PopupView in Frameworks */ = {isa = PBXBuildFile; productRef = 181577552C624B15007E0997 /* PopupView */; };
		181577582C6262CE007E0997 /* EntryFieldStackView.swift in Sources */ = {isa = PBXBuildFile; fileRef = 181577572C6262CE007E0997 /* EntryFieldStackView.swift */; };
		1815775A2C63A2F5007E0997 /* NavigationBarModifier.swift in Sources */ = {isa = PBXBuildFile; fileRef = 181577592C63A2F5007E0997 /* NavigationBarModifier.swift */; };
		1815775C2C63A3AE007E0997 /* View.swift in Sources */ = {isa = PBXBuildFile; fileRef = 1815775B2C63A3AE007E0997 /* View.swift */; };
		1815777E2C64EF5C007E0997 /* IngestModulesView.swift in Sources */ = {isa = PBXBuildFile; fileRef = 1815777D2C64EF5C007E0997 /* IngestModulesView.swift */; };
		181577802C660995007E0997 /* MenuView.swift in Sources */ = {isa = PBXBuildFile; fileRef = 1815777F2C660995007E0997 /* MenuView.swift */; };
/* End PBXBuildFile section */

/* Begin PBXFileReference section */
		0BA3C5872C66C29E00A921AD /* AutopsyAppAppDelegate.swift */ = {isa = PBXFileReference; lastKnownFileType = sourcecode.swift; path = AutopsyAppAppDelegate.swift; sourceTree = "<group>"; };
		0BA3C58A2C66C40500A921AD /* MainVM.swift */ = {isa = PBXFileReference; lastKnownFileType = sourcecode.swift; path = MainVM.swift; sourceTree = "<group>"; };
		0BA3C58D2C66C51900A921AD /* MainVMKey.swift */ = {isa = PBXFileReference; lastKnownFileType = sourcecode.swift; path = MainVMKey.swift; sourceTree = "<group>"; };
		0BA3C5912C66CA1F00A921AD /* Router.swift */ = {isa = PBXFileReference; lastKnownFileType = sourcecode.swift; path = Router.swift; sourceTree = "<group>"; };
		0BA3C5942C66DC6100A921AD /* CaseHomeScreen.swift */ = {isa = PBXFileReference; lastKnownFileType = sourcecode.swift; path = CaseHomeScreen.swift; sourceTree = "<group>"; };
		0BD72BD42C57E68D001918C3 /* Autopsy.app */ = {isa = PBXFileReference; explicitFileType = wrapper.application; includeInIndex = 0; path = Autopsy.app; sourceTree = BUILT_PRODUCTS_DIR; };
		0BD72BD72C57E68D001918C3 /* AutopsyApp.swift */ = {isa = PBXFileReference; lastKnownFileType = sourcecode.swift; path = AutopsyApp.swift; sourceTree = "<group>"; };
		0BD72BDB2C57E690001918C3 /* Assets.xcassets */ = {isa = PBXFileReference; lastKnownFileType = folder.assetcatalog; path = Assets.xcassets; sourceTree = "<group>"; };
		0BD72BE92C57F93A001918C3 /* Color.swift */ = {isa = PBXFileReference; lastKnownFileType = sourcecode.swift; path = Color.swift; sourceTree = "<group>"; };
		0BD72BEB2C593C75001918C3 /* NewCaseView.swift */ = {isa = PBXFileReference; lastKnownFileType = sourcecode.swift; path = NewCaseView.swift; sourceTree = "<group>"; };
		0BD72BEF2C593ECB001918C3 /* MainScreen.swift */ = {isa = PBXFileReference; lastKnownFileType = sourcecode.swift; path = MainScreen.swift; sourceTree = "<group>"; };
		0BD72BF22C59428A001918C3 /* CustomFont.swift */ = {isa = PBXFileReference; lastKnownFileType = sourcecode.swift; path = CustomFont.swift; sourceTree = "<group>"; };
		0BD72BF42C5942A2001918C3 /* UIScreen.swift */ = {isa = PBXFileReference; lastKnownFileType = sourcecode.swift; path = UIScreen.swift; sourceTree = "<group>"; };
		0BD72BF72C594532001918C3 /* GraphikBold.otf */ = {isa = PBXFileReference; lastKnownFileType = file; path = GraphikBold.otf; sourceTree = "<group>"; };
		0BD72BF82C594532001918C3 /* GraphikRegular.otf */ = {isa = PBXFileReference; lastKnownFileType = file; path = GraphikRegular.otf; sourceTree = "<group>"; };
		0BD72BF92C594532001918C3 /* GraphikThin.otf */ = {isa = PBXFileReference; lastKnownFileType = file; path = GraphikThin.otf; sourceTree = "<group>"; };
		0BD72BFA2C594532001918C3 /* GraphikBlack.otf */ = {isa = PBXFileReference; lastKnownFileType = file; path = GraphikBlack.otf; sourceTree = "<group>"; };
		0BD72BFB2C594532001918C3 /* GraphikLight.otf */ = {isa = PBXFileReference; lastKnownFileType = file; path = GraphikLight.otf; sourceTree = "<group>"; };
		0BD72BFC2C594533001918C3 /* GraphikMedium.otf */ = {isa = PBXFileReference; lastKnownFileType = file; path = GraphikMedium.otf; sourceTree = "<group>"; };
		0BD72BFD2C594533001918C3 /* GraphikSemibold.otf */ = {isa = PBXFileReference; lastKnownFileType = file; path = GraphikSemibold.otf; sourceTree = "<group>"; };
		0BD72C052C59464F001918C3 /* Info.plist */ = {isa = PBXFileReference; lastKnownFileType = text.plist.xml; path = Info.plist; sourceTree = "<group>"; };
		0BD72C152C5D2C42001918C3 /* AutopsyButtonStyle.swift */ = {isa = PBXFileReference; lastKnownFileType = sourcecode.swift; path = AutopsyButtonStyle.swift; sourceTree = "<group>"; };
		0BD72C182C5D2C74001918C3 /* backgroundView.swift */ = {isa = PBXFileReference; lastKnownFileType = sourcecode.swift; path = backgroundView.swift; sourceTree = "<group>"; };
		0BD72C1A2C5D2CAB001918C3 /* RoundedTextFieldStyle.swift */ = {isa = PBXFileReference; lastKnownFileType = sourcecode.swift; path = RoundedTextFieldStyle.swift; sourceTree = "<group>"; };
		0BD72C1C2C5D3174001918C3 /* Case.swift */ = {isa = PBXFileReference; lastKnownFileType = sourcecode.swift; path = Case.swift; sourceTree = "<group>"; };
		1815774C2C60C492007E0997 /* BorderedBtnLabelView.swift */ = {isa = PBXFileReference; lastKnownFileType = sourcecode.swift; path = BorderedBtnLabelView.swift; sourceTree = "<group>"; };
		1815774E2C60CD02007E0997 /* AddDataSourceTypeView.swift */ = {isa = PBXFileReference; lastKnownFileType = sourcecode.swift; path = AddDataSourceTypeView.swift; sourceTree = "<group>"; };
		181577502C60D170007E0997 /* SelectDataSourceView.swift */ = {isa = PBXFileReference; lastKnownFileType = sourcecode.swift; path = SelectDataSourceView.swift; sourceTree = "<group>"; };
		181577522C621323007E0997 /* TitleWithIconView.swift */ = {isa = PBXFileReference; lastKnownFileType = sourcecode.swift; path = TitleWithIconView.swift; sourceTree = "<group>"; };
		181577572C6262CE007E0997 /* EntryFieldStackView.swift */ = {isa = PBXFileReference; lastKnownFileType = sourcecode.swift; path = EntryFieldStackView.swift; sourceTree = "<group>"; };
		181577592C63A2F5007E0997 /* NavigationBarModifier.swift */ = {isa = PBXFileReference; lastKnownFileType = sourcecode.swift; path = NavigationBarModifier.swift; sourceTree = "<group>"; };
		1815775B2C63A3AE007E0997 /* View.swift */ = {isa = PBXFileReference; lastKnownFileType = sourcecode.swift; path = View.swift; sourceTree = "<group>"; };
		1815777D2C64EF5C007E0997 /* IngestModulesView.swift */ = {isa = PBXFileReference; lastKnownFileType = sourcecode.swift; path = IngestModulesView.swift; sourceTree = "<group>"; };
		1815777F2C660995007E0997 /* MenuView.swift */ = {isa = PBXFileReference; lastKnownFileType = sourcecode.swift; path = MenuView.swift; sourceTree = "<group>"; };
/* End PBXFileReference section */

/* Begin PBXFrameworksBuildPhase section */
		0BD72BD12C57E68D001918C3 /* Frameworks */ = {
			isa = PBXFrameworksBuildPhase;
			buildActionMask = 2147483647;
			files = (
				181577562C624B15007E0997 /* PopupView in Frameworks */,
			);
			runOnlyForDeploymentPostprocessing = 0;
		};
/* End PBXFrameworksBuildPhase section */

/* Begin PBXGroup section */
		0BA3C5862C66C16100A921AD /* Sources */ = {
			isa = PBXGroup;
			children = (
				0BA3C58C2C66C4FA00A921AD /* DI */,
				0BA3C5892C66C31B00A921AD /* Core */,
				1815775D2C63A978007E0997 /* Features */,
				0BD72BD72C57E68D001918C3 /* AutopsyApp.swift */,
				0BA3C5872C66C29E00A921AD /* AutopsyAppAppDelegate.swift */,
			);
			path = Sources;
			sourceTree = "<group>";
		};
		0BA3C5892C66C31B00A921AD /* Core */ = {
			isa = PBXGroup;
			children = (
				0BA3C5912C66CA1F00A921AD /* Router.swift */,
				181577752C63ABCF007E0997 /* Utilities */,
				1815776E2C63AA40007E0997 /* Commons */,
			);
			path = Core;
			sourceTree = "<group>";
		};
		0BA3C58C2C66C4FA00A921AD /* DI */ = {
			isa = PBXGroup;
			children = (
				0BA3C58D2C66C51900A921AD /* MainVMKey.swift */,
			);
			path = DI;
			sourceTree = "<group>";
		};
		0BA3C5932C66DC5000A921AD /* CaseHome */ = {
			isa = PBXGroup;
			children = (
				0BA3C5942C66DC6100A921AD /* CaseHomeScreen.swift */,
			);
			path = CaseHome;
			sourceTree = "<group>";
		};
		0BD72BCB2C57E68D001918C3 = {
			isa = PBXGroup;
			children = (
				0BD72BD62C57E68D001918C3 /* Autopsy */,
				0BD72BD52C57E68D001918C3 /* Products */,
			);
			sourceTree = "<group>";
		};
		0BD72BD52C57E68D001918C3 /* Products */ = {
			isa = PBXGroup;
			children = (
				0BD72BD42C57E68D001918C3 /* Autopsy.app */,
			);
			name = Products;
			sourceTree = "<group>";
		};
		0BD72BD62C57E68D001918C3 /* Autopsy */ = {
			isa = PBXGroup;
			children = (
				0BA3C5862C66C16100A921AD /* Sources */,
				0BD72C142C5D2B48001918C3 /* Resources */,
			);
			path = Autopsy;
			sourceTree = "<group>";
		};
		0BD72BE82C57F913001918C3 /* Extensions */ = {
			isa = PBXGroup;
			children = (
				0BD72BE92C57F93A001918C3 /* Color.swift */,
				1815775B2C63A3AE007E0997 /* View.swift */,
				0BD72BF42C5942A2001918C3 /* UIScreen.swift */,
			);
			path = Extensions;
			sourceTree = "<group>";
		};
		0BD72BF12C594279001918C3 /* Enums */ = {
			isa = PBXGroup;
			children = (
				0BD72BF22C59428A001918C3 /* CustomFont.swift */,
			);
			path = Enums;
			sourceTree = "<group>";
		};
		0BD72BF62C5942FF001918C3 /* Fonts */ = {
			isa = PBXGroup;
			children = (
				0BD72BFA2C594532001918C3 /* GraphikBlack.otf */,
				0BD72BF72C594532001918C3 /* GraphikBold.otf */,
				0BD72BFD2C594533001918C3 /* GraphikSemibold.otf */,
				0BD72BFC2C594533001918C3 /* GraphikMedium.otf */,
				0BD72BF82C594532001918C3 /* GraphikRegular.otf */,
				0BD72BFB2C594532001918C3 /* GraphikLight.otf */,
				0BD72BF92C594532001918C3 /* GraphikThin.otf */,
			);
			path = Fonts;
			sourceTree = "<group>";
		};
		0BD72C142C5D2B48001918C3 /* Resources */ = {
			isa = PBXGroup;
			children = (
				0BD72C052C59464F001918C3 /* Info.plist */,
				0BD72BF62C5942FF001918C3 /* Fonts */,
				0BD72BDB2C57E690001918C3 /* Assets.xcassets */,
			);
			path = Resources;
			sourceTree = "<group>";
		};
		1815775D2C63A978007E0997 /* Features */ = {
			isa = PBXGroup;
			children = (
				0BA3C5932C66DC5000A921AD /* CaseHome */,
				1815775E2C63A983007E0997 /* Main */,
				1815775F2C63A995007E0997 /* NewCase */,
				181577602C63A9A6007E0997 /* DataSourceType */,
				181577612C63A9CC007E0997 /* SelectDataSource */,
				1815777B2C64EF1E007E0997 /* IngestModules */,
			);
			path = Features;
			sourceTree = "<group>";
		};
		1815775E2C63A983007E0997 /* Main */ = {
			isa = PBXGroup;
			children = (
				0BD72BEF2C593ECB001918C3 /* MainScreen.swift */,
				0BA3C58A2C66C40500A921AD /* MainVM.swift */,
			);
			path = Main;
			sourceTree = "<group>";
		};
		1815775F2C63A995007E0997 /* NewCase */ = {
			isa = PBXGroup;
			children = (
				0BD72BEB2C593C75001918C3 /* NewCaseView.swift */,
			);
			path = NewCase;
			sourceTree = "<group>";
		};
		181577602C63A9A6007E0997 /* DataSourceType */ = {
			isa = PBXGroup;
			children = (
				1815774E2C60CD02007E0997 /* AddDataSourceTypeView.swift */,
			);
			path = DataSourceType;
			sourceTree = "<group>";
		};
		181577612C63A9CC007E0997 /* SelectDataSource */ = {
			isa = PBXGroup;
			children = (
				181577502C60D170007E0997 /* SelectDataSourceView.swift */,
			);
			path = SelectDataSource;
			sourceTree = "<group>";
		};
		1815776E2C63AA40007E0997 /* Commons */ = {
			isa = PBXGroup;
			children = (
				181577742C63AAB9007E0997 /* ViewModifiers */,
				181577722C63AA65007E0997 /* Screens */,
				181577702C63AA4A007E0997 /* Views */,
				1815776F2C63AA45007E0997 /* Models */,
			);
			path = Commons;
			sourceTree = "<group>";
		};
		1815776F2C63AA45007E0997 /* Models */ = {
			isa = PBXGroup;
			children = (
				0BD72C1C2C5D3174001918C3 /* Case.swift */,
			);
			path = Models;
			sourceTree = "<group>";
		};
		181577702C63AA4A007E0997 /* Views */ = {
			isa = PBXGroup;
			children = (
				0BD72C152C5D2C42001918C3 /* AutopsyButtonStyle.swift */,
				0BD72C182C5D2C74001918C3 /* backgroundView.swift */,
				0BD72C1A2C5D2CAB001918C3 /* RoundedTextFieldStyle.swift */,
				1815774C2C60C492007E0997 /* BorderedBtnLabelView.swift */,
				181577522C621323007E0997 /* TitleWithIconView.swift */,
				181577572C6262CE007E0997 /* EntryFieldStackView.swift */,
				1815777F2C660995007E0997 /* MenuView.swift */,
			);
			path = Views;
			sourceTree = "<group>";
		};
		181577722C63AA65007E0997 /* Screens */ = {
			isa = PBXGroup;
			children = (
			);
			path = Screens;
			sourceTree = "<group>";
		};
		181577742C63AAB9007E0997 /* ViewModifiers */ = {
			isa = PBXGroup;
			children = (
				181577592C63A2F5007E0997 /* NavigationBarModifier.swift */,
			);
			path = ViewModifiers;
			sourceTree = "<group>";
		};
		181577752C63ABCF007E0997 /* Utilities */ = {
			isa = PBXGroup;
			children = (
				0BD72BE82C57F913001918C3 /* Extensions */,
				0BD72BF12C594279001918C3 /* Enums */,
			);
			path = Utilities;
			sourceTree = "<group>";
		};
		1815777B2C64EF1E007E0997 /* IngestModules */ = {
			isa = PBXGroup;
			children = (
				1815777D2C64EF5C007E0997 /* IngestModulesView.swift */,
			);
			path = IngestModules;
			sourceTree = "<group>";
		};
/* End PBXGroup section */

/* Begin PBXNativeTarget section */
		0BD72BD32C57E68D001918C3 /* Autopsy */ = {
			isa = PBXNativeTarget;
			buildConfigurationList = 0BD72BE22C57E690001918C3 /* Build configuration list for PBXNativeTarget "Autopsy" */;
			buildPhases = (
				0BD72BD02C57E68D001918C3 /* Sources */,
				0BD72BD12C57E68D001918C3 /* Frameworks */,
				0BD72BD22C57E68D001918C3 /* Resources */,
			);
			buildRules = (
			);
			dependencies = (
			);
			name = Autopsy;
			packageProductDependencies = (
				181577552C624B15007E0997 /* PopupView */,
			);
			productName = Autopsy;
			productReference = 0BD72BD42C57E68D001918C3 /* Autopsy.app */;
			productType = "com.apple.product-type.application";
		};
/* End PBXNativeTarget section */

/* Begin PBXProject section */
		0BD72BCC2C57E68D001918C3 /* Project object */ = {
			isa = PBXProject;
			attributes = {
				BuildIndependentTargetsInParallel = 1;
				LastSwiftUpdateCheck = 1520;
				LastUpgradeCheck = 1520;
				TargetAttributes = {
					0BD72BD32C57E68D001918C3 = {
						CreatedOnToolsVersion = 15.2;
					};
				};
			};
			buildConfigurationList = 0BD72BCF2C57E68D001918C3 /* Build configuration list for PBXProject "Autopsy" */;
			compatibilityVersion = "Xcode 14.0";
			developmentRegion = en;
			hasScannedForEncodings = 0;
			knownRegions = (
				en,
				Base,
			);
			mainGroup = 0BD72BCB2C57E68D001918C3;
			packageReferences = (
				181577542C624B15007E0997 /* XCRemoteSwiftPackageReference "PopupView" */,
			);
			productRefGroup = 0BD72BD52C57E68D001918C3 /* Products */;
			projectDirPath = "";
			projectRoot = "";
			targets = (
				0BD72BD32C57E68D001918C3 /* Autopsy */,
			);
		};
/* End PBXProject section */

/* Begin PBXResourcesBuildPhase section */
		0BD72BD22C57E68D001918C3 /* Resources */ = {
			isa = PBXResourcesBuildPhase;
			buildActionMask = 2147483647;
			files = (
				0BD72C0E2C594BA7001918C3 /* GraphikBlack.otf in Resources */,
				0BD72C0D2C594BA7001918C3 /* GraphikLight.otf in Resources */,
				0BD72C0B2C594BA7001918C3 /* GraphikThin.otf in Resources */,
				0BD72C112C594BA7001918C3 /* GraphikSemibold.otf in Resources */,
				0BD72BDC2C57E690001918C3 /* Assets.xcassets in Resources */,
				0BD72C102C594BA7001918C3 /* GraphikBold.otf in Resources */,
				0BD72C0F2C594BA7001918C3 /* GraphikRegular.otf in Resources */,
				0BD72C0C2C594BA7001918C3 /* GraphikMedium.otf in Resources */,
			);
			runOnlyForDeploymentPostprocessing = 0;
		};
/* End PBXResourcesBuildPhase section */

/* Begin PBXSourcesBuildPhase section */
		0BD72BD02C57E68D001918C3 /* Sources */ = {
			isa = PBXSourcesBuildPhase;
			buildActionMask = 2147483647;
			files = (
				1815777E2C64EF5C007E0997 /* IngestModulesView.swift in Sources */,
				0BD72BEC2C593C75001918C3 /* NewCaseView.swift in Sources */,
				181577512C60D170007E0997 /* SelectDataSourceView.swift in Sources */,
				181577802C660995007E0997 /* MenuView.swift in Sources */,
				0BD72BF52C5942A2001918C3 /* UIScreen.swift in Sources */,
				0BD72C1B2C5D2CAB001918C3 /* RoundedTextFieldStyle.swift in Sources */,
				1815775C2C63A3AE007E0997 /* View.swift in Sources */,
				0BA3C58B2C66C40500A921AD /* MainVM.swift in Sources */,
				0BD72C192C5D2C74001918C3 /* backgroundView.swift in Sources */,
				0BA3C5882C66C29E00A921AD /* AutopsyAppAppDelegate.swift in Sources */,
				0BA3C5922C66CA1F00A921AD /* Router.swift in Sources */,
				0BD72BEA2C57F93A001918C3 /* Color.swift in Sources */,
				0BA3C58E2C66C51900A921AD /* MainVMKey.swift in Sources */,
				0BD72BF32C59428A001918C3 /* CustomFont.swift in Sources */,
				0BD72C162C5D2C42001918C3 /* AutopsyButtonStyle.swift in Sources */,
				0BD72C1D2C5D3174001918C3 /* Case.swift in Sources */,
				0BD72BF02C593ECB001918C3 /* MainScreen.swift in Sources */,
				1815775A2C63A2F5007E0997 /* NavigationBarModifier.swift in Sources */,
				181577532C621323007E0997 /* TitleWithIconView.swift in Sources */,
				1815774D2C60C492007E0997 /* BorderedBtnLabelView.swift in Sources */,
				0BA3C5952C66DC6100A921AD /* CaseHomeScreen.swift in Sources */,
				0BD72BD82C57E68D001918C3 /* AutopsyApp.swift in Sources */,
				181577582C6262CE007E0997 /* EntryFieldStackView.swift in Sources */,
				1815774F2C60CD02007E0997 /* AddDataSourceTypeView.swift in Sources */,
			);
			runOnlyForDeploymentPostprocessing = 0;
		};
/* End PBXSourcesBuildPhase section */

/* Begin XCBuildConfiguration section */
		0BD72BE02C57E690001918C3 /* Debug */ = {
			isa = XCBuildConfiguration;
			buildSettings = {
				ALWAYS_SEARCH_USER_PATHS = NO;
				ASSETCATALOG_COMPILER_GENERATE_SWIFT_ASSET_SYMBOL_EXTENSIONS = YES;
				CLANG_ANALYZER_NONNULL = YES;
				CLANG_ANALYZER_NUMBER_OBJECT_CONVERSION = YES_AGGRESSIVE;
				CLANG_CXX_LANGUAGE_STANDARD = "gnu++20";
				CLANG_ENABLE_MODULES = YES;
				CLANG_ENABLE_OBJC_ARC = YES;
				CLANG_ENABLE_OBJC_WEAK = YES;
				CLANG_WARN_BLOCK_CAPTURE_AUTORELEASING = YES;
				CLANG_WARN_BOOL_CONVERSION = YES;
				CLANG_WARN_COMMA = YES;
				CLANG_WARN_CONSTANT_CONVERSION = YES;
				CLANG_WARN_DEPRECATED_OBJC_IMPLEMENTATIONS = YES;
				CLANG_WARN_DIRECT_OBJC_ISA_USAGE = YES_ERROR;
				CLANG_WARN_DOCUMENTATION_COMMENTS = YES;
				CLANG_WARN_EMPTY_BODY = YES;
				CLANG_WARN_ENUM_CONVERSION = YES;
				CLANG_WARN_INFINITE_RECURSION = YES;
				CLANG_WARN_INT_CONVERSION = YES;
				CLANG_WARN_NON_LITERAL_NULL_CONVERSION = YES;
				CLANG_WARN_OBJC_IMPLICIT_RETAIN_SELF = YES;
				CLANG_WARN_OBJC_LITERAL_CONVERSION = YES;
				CLANG_WARN_OBJC_ROOT_CLASS = YES_ERROR;
				CLANG_WARN_QUOTED_INCLUDE_IN_FRAMEWORK_HEADER = YES;
				CLANG_WARN_RANGE_LOOP_ANALYSIS = YES;
				CLANG_WARN_STRICT_PROTOTYPES = YES;
				CLANG_WARN_SUSPICIOUS_MOVE = YES;
				CLANG_WARN_UNGUARDED_AVAILABILITY = YES_AGGRESSIVE;
				CLANG_WARN_UNREACHABLE_CODE = YES;
				CLANG_WARN__DUPLICATE_METHOD_MATCH = YES;
				COPY_PHASE_STRIP = NO;
				DEBUG_INFORMATION_FORMAT = dwarf;
				ENABLE_STRICT_OBJC_MSGSEND = YES;
				ENABLE_TESTABILITY = YES;
				ENABLE_USER_SCRIPT_SANDBOXING = YES;
				GCC_C_LANGUAGE_STANDARD = gnu17;
				GCC_DYNAMIC_NO_PIC = NO;
				GCC_NO_COMMON_BLOCKS = YES;
				GCC_OPTIMIZATION_LEVEL = 0;
				GCC_PREPROCESSOR_DEFINITIONS = (
					"DEBUG=1",
					"$(inherited)",
				);
				GCC_WARN_64_TO_32_BIT_CONVERSION = YES;
				GCC_WARN_ABOUT_RETURN_TYPE = YES_ERROR;
				GCC_WARN_UNDECLARED_SELECTOR = YES;
				GCC_WARN_UNINITIALIZED_AUTOS = YES_AGGRESSIVE;
				GCC_WARN_UNUSED_FUNCTION = YES;
				GCC_WARN_UNUSED_VARIABLE = YES;
				IPHONEOS_DEPLOYMENT_TARGET = 16.0;
				LOCALIZATION_PREFERS_STRING_CATALOGS = YES;
				MTL_ENABLE_DEBUG_INFO = INCLUDE_SOURCE;
				MTL_FAST_MATH = YES;
				ONLY_ACTIVE_ARCH = YES;
				SDKROOT = iphoneos;
				SWIFT_ACTIVE_COMPILATION_CONDITIONS = "DEBUG $(inherited)";
				SWIFT_OPTIMIZATION_LEVEL = "-Onone";
			};
			name = Debug;
		};
		0BD72BE12C57E690001918C3 /* Release */ = {
			isa = XCBuildConfiguration;
			buildSettings = {
				ALWAYS_SEARCH_USER_PATHS = NO;
				ASSETCATALOG_COMPILER_GENERATE_SWIFT_ASSET_SYMBOL_EXTENSIONS = YES;
				CLANG_ANALYZER_NONNULL = YES;
				CLANG_ANALYZER_NUMBER_OBJECT_CONVERSION = YES_AGGRESSIVE;
				CLANG_CXX_LANGUAGE_STANDARD = "gnu++20";
				CLANG_ENABLE_MODULES = YES;
				CLANG_ENABLE_OBJC_ARC = YES;
				CLANG_ENABLE_OBJC_WEAK = YES;
				CLANG_WARN_BLOCK_CAPTURE_AUTORELEASING = YES;
				CLANG_WARN_BOOL_CONVERSION = YES;
				CLANG_WARN_COMMA = YES;
				CLANG_WARN_CONSTANT_CONVERSION = YES;
				CLANG_WARN_DEPRECATED_OBJC_IMPLEMENTATIONS = YES;
				CLANG_WARN_DIRECT_OBJC_ISA_USAGE = YES_ERROR;
				CLANG_WARN_DOCUMENTATION_COMMENTS = YES;
				CLANG_WARN_EMPTY_BODY = YES;
				CLANG_WARN_ENUM_CONVERSION = YES;
				CLANG_WARN_INFINITE_RECURSION = YES;
				CLANG_WARN_INT_CONVERSION = YES;
				CLANG_WARN_NON_LITERAL_NULL_CONVERSION = YES;
				CLANG_WARN_OBJC_IMPLICIT_RETAIN_SELF = YES;
				CLANG_WARN_OBJC_LITERAL_CONVERSION = YES;
				CLANG_WARN_OBJC_ROOT_CLASS = YES_ERROR;
				CLANG_WARN_QUOTED_INCLUDE_IN_FRAMEWORK_HEADER = YES;
				CLANG_WARN_RANGE_LOOP_ANALYSIS = YES;
				CLANG_WARN_STRICT_PROTOTYPES = YES;
				CLANG_WARN_SUSPICIOUS_MOVE = YES;
				CLANG_WARN_UNGUARDED_AVAILABILITY = YES_AGGRESSIVE;
				CLANG_WARN_UNREACHABLE_CODE = YES;
				CLANG_WARN__DUPLICATE_METHOD_MATCH = YES;
				COPY_PHASE_STRIP = NO;
				DEBUG_INFORMATION_FORMAT = "dwarf-with-dsym";
				ENABLE_NS_ASSERTIONS = NO;
				ENABLE_STRICT_OBJC_MSGSEND = YES;
				ENABLE_USER_SCRIPT_SANDBOXING = YES;
				GCC_C_LANGUAGE_STANDARD = gnu17;
				GCC_NO_COMMON_BLOCKS = YES;
				GCC_WARN_64_TO_32_BIT_CONVERSION = YES;
				GCC_WARN_ABOUT_RETURN_TYPE = YES_ERROR;
				GCC_WARN_UNDECLARED_SELECTOR = YES;
				GCC_WARN_UNINITIALIZED_AUTOS = YES_AGGRESSIVE;
				GCC_WARN_UNUSED_FUNCTION = YES;
				GCC_WARN_UNUSED_VARIABLE = YES;
				IPHONEOS_DEPLOYMENT_TARGET = 16.0;
				LOCALIZATION_PREFERS_STRING_CATALOGS = YES;
				MTL_ENABLE_DEBUG_INFO = NO;
				MTL_FAST_MATH = YES;
				SDKROOT = iphoneos;
				SWIFT_COMPILATION_MODE = wholemodule;
				VALIDATE_PRODUCT = YES;
			};
			name = Release;
		};
		0BD72BE32C57E690001918C3 /* Debug */ = {
			isa = XCBuildConfiguration;
			buildSettings = {
				ASSETCATALOG_COMPILER_APPICON_NAME = AppIcon;
				ASSETCATALOG_COMPILER_GENERATE_ASSET_SYMBOLS = YES;
				ASSETCATALOG_COMPILER_GENERATE_SWIFT_ASSET_SYMBOL_EXTENSIONS = YES;
				ASSETCATALOG_COMPILER_GLOBAL_ACCENT_COLOR_NAME = AccentColor;
				CODE_SIGN_STYLE = Automatic;
				CURRENT_PROJECT_VERSION = 1;
				DEVELOPMENT_TEAM = C7TZHYALRJ;
				ENABLE_PREVIEWS = YES;
				GENERATE_INFOPLIST_FILE = YES;
				INFOPLIST_FILE = Autopsy/Resources/Info.plist;
				INFOPLIST_KEY_UIApplicationSceneManifest_Generation = YES;
				INFOPLIST_KEY_UIApplicationSupportsIndirectInputEvents = YES;
				INFOPLIST_KEY_UILaunchScreen_Generation = YES;
				INFOPLIST_KEY_UISupportedInterfaceOrientations_iPad = "UIInterfaceOrientationPortrait UIInterfaceOrientationPortraitUpsideDown UIInterfaceOrientationLandscapeLeft UIInterfaceOrientationLandscapeRight";
				INFOPLIST_KEY_UISupportedInterfaceOrientations_iPhone = "UIInterfaceOrientationPortrait UIInterfaceOrientationLandscapeLeft UIInterfaceOrientationLandscapeRight";
				LD_RUNPATH_SEARCH_PATHS = (
					"$(inherited)",
					"@executable_path/Frameworks",
				);
				MARKETING_VERSION = 1.0;
				PRODUCT_BUNDLE_IDENTIFIER = com.uma.mk.Autopsy;
				PRODUCT_NAME = "$(TARGET_NAME)";
				SWIFT_EMIT_LOC_STRINGS = YES;
				SWIFT_VERSION = 5.0;
				TARGETED_DEVICE_FAMILY = "1,2";
			};
			name = Debug;
		};
		0BD72BE42C57E690001918C3 /* Release */ = {
			isa = XCBuildConfiguration;
			buildSettings = {
				ASSETCATALOG_COMPILER_APPICON_NAME = AppIcon;
				ASSETCATALOG_COMPILER_GENERATE_ASSET_SYMBOLS = YES;
				ASSETCATALOG_COMPILER_GENERATE_SWIFT_ASSET_SYMBOL_EXTENSIONS = YES;
				ASSETCATALOG_COMPILER_GLOBAL_ACCENT_COLOR_NAME = AccentColor;
				CODE_SIGN_STYLE = Automatic;
				CURRENT_PROJECT_VERSION = 1;
				DEVELOPMENT_TEAM = C7TZHYALRJ;
				ENABLE_PREVIEWS = YES;
				GENERATE_INFOPLIST_FILE = YES;
				INFOPLIST_FILE = Autopsy/Resources/Info.plist;
				INFOPLIST_KEY_UIApplicationSceneManifest_Generation = YES;
				INFOPLIST_KEY_UIApplicationSupportsIndirectInputEvents = YES;
				INFOPLIST_KEY_UILaunchScreen_Generation = YES;
				INFOPLIST_KEY_UISupportedInterfaceOrientations_iPad = "UIInterfaceOrientationPortrait UIInterfaceOrientationPortraitUpsideDown UIInterfaceOrientationLandscapeLeft UIInterfaceOrientationLandscapeRight";
				INFOPLIST_KEY_UISupportedInterfaceOrientations_iPhone = "UIInterfaceOrientationPortrait UIInterfaceOrientationLandscapeLeft UIInterfaceOrientationLandscapeRight";
				LD_RUNPATH_SEARCH_PATHS = (
					"$(inherited)",
					"@executable_path/Frameworks",
				);
				MARKETING_VERSION = 1.0;
				PRODUCT_BUNDLE_IDENTIFIER = com.uma.mk.Autopsy;
				PRODUCT_NAME = "$(TARGET_NAME)";
				SWIFT_EMIT_LOC_STRINGS = YES;
				SWIFT_VERSION = 5.0;
				TARGETED_DEVICE_FAMILY = "1,2";
			};
			name = Release;
		};
/* End XCBuildConfiguration section */

/* Begin XCConfigurationList section */
		0BD72BCF2C57E68D001918C3 /* Build configuration list for PBXProject "Autopsy" */ = {
			isa = XCConfigurationList;
			buildConfigurations = (
				0BD72BE02C57E690001918C3 /* Debug */,
				0BD72BE12C57E690001918C3 /* Release */,
			);
			defaultConfigurationIsVisible = 0;
			defaultConfigurationName = Release;
		};
		0BD72BE22C57E690001918C3 /* Build configuration list for PBXNativeTarget "Autopsy" */ = {
			isa = XCConfigurationList;
			buildConfigurations = (
				0BD72BE32C57E690001918C3 /* Debug */,
				0BD72BE42C57E690001918C3 /* Release */,
			);
			defaultConfigurationIsVisible = 0;
			defaultConfigurationName = Release;
		};
/* End XCConfigurationList section */

/* Begin XCRemoteSwiftPackageReference section */
		181577542C624B15007E0997 /* XCRemoteSwiftPackageReference "PopupView" */ = {
			isa = XCRemoteSwiftPackageReference;
			repositoryURL = "https://github.com/exyte/PopupView.git";
			requirement = {
				kind = upToNextMajorVersion;
				minimumVersion = 3.0.5;
			};
		};
/* End XCRemoteSwiftPackageReference section */

/* Begin XCSwiftPackageProductDependency section */
		181577552C624B15007E0997 /* PopupView */ = {
			isa = XCSwiftPackageProductDependency;
			package = 181577542C624B15007E0997 /* XCRemoteSwiftPackageReference "PopupView" */;
			productName = PopupView;
		};
/* End XCSwiftPackageProductDependency section */
	};
	rootObject = 0BD72BCC2C57E68D001918C3 /* Project object */;
}
